{
  "name": "@rightech/utils",
  "version": "1.1.15",
  "lockfileVersion": 1,
  "requires": true,
  "dependencies": {
    "acorn-walk": {
      "version": "7.2.0",
      "resolved": "https://registry.npmjs.org/acorn-walk/-/acorn-walk-7.2.0.tgz",
      "integrity": "sha512-OPdCF6GsMIP+Az+aWfAAOEt2/+iVDKE7oy6lJ098aoe59oAmK76qV6Gw60SbZ8jHuG2wH058GF4pLFbYamYrVA=="
    },
    "angular-expressions": {
      "version": "1.1.2",
      "resolved": "https://registry.npmjs.org/angular-expressions/-/angular-expressions-1.1.2.tgz",
      "integrity": "sha512-nTu8idKKtQeUGSY+Wk0x/jhM+m0fnqK7XlYdLmfKLqcrn3TRbkGqxID4pfste3qPJq7zQeliGIlIY3VivC/rpQ=="
    },
    "colors": {
      "version": "1.4.0",
      "resolved": "https://registry.npmjs.org/colors/-/colors-1.4.0.tgz",
      "integrity": "sha512-a+UqTh4kgZg/SlGvfbzDHpgRu7AAQOmmqRHJnxhRZICKFUT91brVhNNt58CMWU9PsBbv3PDCZUHbVxuDiH2mtA=="
    },
    "deepmerge": {
      "version": "4.2.2",
      "resolved": "https://registry.npmjs.org/deepmerge/-/deepmerge-4.2.2.tgz",
      "integrity": "sha512-FJ3UgI4gIl+PHZm53knsuSFpE+nESMr7M4v9QcgB7S63Kj/6WqMiFQJpBBYz1Pt+66bZpP3Q7Lye0Oo9MPKEdg=="
    },
    "mustache": {
      "version": "3.1.0",
      "resolved": "https://registry.npmjs.org/mustache/-/mustache-3.1.0.tgz",
      "integrity": "sha512-3Bxq1R5LBZp7fbFPZzFe5WN4s0q3+gxZaZuZVY+QctYJiCiVgXHOTIC0/HgZuOPFt/6BQcx5u0H2CUOxT/RoGQ=="
    },
    "nanoid": {
      "version": "2.1.6",
      "resolved": "https://registry.npmjs.org/nanoid/-/nanoid-2.1.6.tgz",
      "integrity": "sha512-2NDzpiuEy3+H0AVtdt8LoFi7PnqkOnIzYmJQp7xsEU6VexLluHQwKREuiz57XaQC5006seIadPrIZJhyS2n7aw=="
    },
    "stack-trace": {
      "version": "0.0.10",
      "resolved": "https://registry.npmjs.org/stack-trace/-/stack-trace-0.0.10.tgz",
      "integrity": "sha1-VHxws0fo0ytOEI6hoqFZ5f3eGcA="
    }
  }
}
